{
  "name": "novel-wx-master",
  "lockfileVersion": 2,
  "requires": true,
  "packages": {
    "": {
      "dependencies": {
        "uview-ui": "^2.0.31"
      }
    },
    "node_modules/uview-ui": {
      "version": "2.0.31",
      "resolved": "https://registry.npmmirror.com/uview-ui/-/uview-ui-2.0.31.tgz",
      "integrity": "sha512-I/0fGuvtiKHH/mBb864SGYk+SJ7WaF32tsBgYgeBOsxlUp+Th+Ac2tgz2cTvsQJl6eZYWsKZ3ixiSXCAcxZ8Sw==",
      "engines": {
        "HBuilderX": "^3.1.0"
      }
    }
  },
  "dependencies": {
    "uview-ui": {
      "version": "2.0.31",
      "resolved": "https://registry.npmmirror.com/uview-ui/-/uview-ui-2.0.31.tgz",
      "integrity": "sha512-I/0fGuvtiKHH/mBb864SGYk+SJ7WaF32tsBgYgeBOsxlUp+Th+Ac2tgz2cTvsQJl6eZYWsKZ3ixiSXCAcxZ8Sw=="
    }
  }
}
